// !$*UTF8*$!
{
	archiveVersion = 1;
	classes = {
	};
	objectVersion = 46;
	objects = {

/* Begin PBXBuildFile section */
		D7625DA81E0CEAA600B01DE1 /* libsqlite3.tbd in Frameworks */ = {isa = PBXBuildFile; fileRef = D7625DA71E0CEAA600B01DE1 /* libsqlite3.tbd */; };
		D7944F481E1CA22800B21C53 /* SQliteRepository.swift in Sources */ = {isa = PBXBuildFile; fileRef = D7944F471E1CA22800B21C53 /* SQliteRepository.swift */; };
		D7944F4A1E1CA23800B21C53 /* ReadWriteViewController.swift in Sources */ = {isa = PBXBuildFile; fileRef = D7944F491E1CA23800B21C53 /* ReadWriteViewController.swift */; };
		D7E6F2F81E0CF02C0065A85F /* SQLiteDB.swift in Sources */ = {isa = PBXBuildFile; fileRef = D7E6F2F51E0CF02C0065A85F /* SQLiteDB.swift */; };
		D7E6F2F91E0CF02C0065A85F /* SQLTable.swift in Sources */ = {isa = PBXBuildFile; fileRef = D7E6F2F61E0CF02C0065A85F /* SQLTable.swift */; };
		D7E6F2FA1E0CF02C0065A85F /* String-Extras.swift in Sources */ = {isa = PBXBuildFile; fileRef = D7E6F2F71E0CF02C0065A85F /* String-Extras.swift */; };
		D7E6F2FF1E0CF0380065A85F /* DataInfoModel.swift in Sources */ = {isa = PBXBuildFile; fileRef = D7E6F2FB1E0CF0380065A85F /* DataInfoModel.swift */; };
		D7E6F3001E0CF0380065A85F /* HomeViewController.swift in Sources */ = {isa = PBXBuildFile; fileRef = D7E6F2FC1E0CF0380065A85F /* HomeViewController.swift */; };
		D7E6F3011E0CF0380065A85F /* TableViewCell.swift in Sources */ = {isa = PBXBuildFile; fileRef = D7E6F2FD1E0CF0380065A85F /* TableViewCell.swift */; };
		D7E6F3021E0CF0380065A85F /* TransitViewController.swift in Sources */ = {isa = PBXBuildFile; fileRef = D7E6F2FE1E0CF0380065A85F /* TransitViewController.swift */; };
		D7E6F3061E0CF0460065A85F /* AppDelegate.swift in Sources */ = {isa = PBXBuildFile; fileRef = D7E6F3031E0CF0460065A85F /* AppDelegate.swift */; };
		D7E6F3071E0CF0460065A85F /* Assets.xcassets in Resources */ = {isa = PBXBuildFile; fileRef = D7E6F3041E0CF0460065A85F /* Assets.xcassets */; };
		D7E6F3081E0CF0460065A85F /* Info.plist in Resources */ = {isa = PBXBuildFile; fileRef = D7E6F3051E0CF0460065A85F /* Info.plist */; };
		D7E6F30D1E0CF0840065A85F /* LaunchScreen.storyboard in Resources */ = {isa = PBXBuildFile; fileRef = D7E6F3091E0CF0840065A85F /* LaunchScreen.storyboard */; };
		D7E6F30E1E0CF0840065A85F /* Main.storyboard in Resources */ = {isa = PBXBuildFile; fileRef = D7E6F30B1E0CF0840065A85F /* Main.storyboard */; };
		D7E6F3111E0CF1660065A85F /* data.db in Resources */ = {isa = PBXBuildFile; fileRef = D7E6F3101E0CF1660065A85F /* data.db */; };
/* End PBXBuildFile section */

/* Begin PBXFileReference section */
		D744D66D1E076BD700750584 /* PasswordKeeper-swift.app */ = {isa = PBXFileReference; explicitFileType = wrapper.application; includeInIndex = 0; path = "PasswordKeeper-swift.app"; sourceTree = BUILT_PRODUCTS_DIR; };
		D7625DA71E0CEAA600B01DE1 /* libsqlite3.tbd */ = {isa = PBXFileReference; lastKnownFileType = "sourcecode.text-based-dylib-definition"; name = libsqlite3.tbd; path = usr/lib/libsqlite3.tbd; sourceTree = SDKROOT; };
		D7944F471E1CA22800B21C53 /* SQliteRepository.swift */ = {isa = PBXFileReference; fileEncoding = 4; lastKnownFileType = sourcecode.swift; name = SQliteRepository.swift; path = "PasswordKeeper-swift/SQliteRepository.swift"; sourceTree = "<group>"; };
		D7944F491E1CA23800B21C53 /* ReadWriteViewController.swift */ = {isa = PBXFileReference; fileEncoding = 4; lastKnownFileType = sourcecode.swift; name = ReadWriteViewController.swift; path = "PasswordKeeper-swift/ReadWriteViewController.swift"; sourceTree = "<group>"; };
		D7E6F2F41E0CF02C0065A85F /* Bridging-Header.h */ = {isa = PBXFileReference; fileEncoding = 4; lastKnownFileType = sourcecode.c.h; name = "Bridging-Header.h"; path = "PasswordKeeper-swift/Bridging-Header.h"; sourceTree = "<group>"; };
		D7E6F2F51E0CF02C0065A85F /* SQLiteDB.swift */ = {isa = PBXFileReference; fileEncoding = 4; lastKnownFileType = sourcecode.swift; name = SQLiteDB.swift; path = "PasswordKeeper-swift/SQLiteDB.swift"; sourceTree = "<group>"; };
		D7E6F2F61E0CF02C0065A85F /* SQLTable.swift */ = {isa = PBXFileReference; fileEncoding = 4; lastKnownFileType = sourcecode.swift; name = SQLTable.swift; path = "PasswordKeeper-swift/SQLTable.swift"; sourceTree = "<group>"; };
		D7E6F2F71E0CF02C0065A85F /* String-Extras.swift */ = {isa = PBXFileReference; fileEncoding = 4; lastKnownFileType = sourcecode.swift; name = "String-Extras.swift"; path = "PasswordKeeper-swift/String-Extras.swift"; sourceTree = "<group>"; };
		D7E6F2FB1E0CF0380065A85F /* DataInfoModel.swift */ = {isa = PBXFileReference; fileEncoding = 4; lastKnownFileType = sourcecode.swift; name = DataInfoModel.swift; path = "PasswordKeeper-swift/DataInfoModel.swift"; sourceTree = "<group>"; };
		D7E6F2FC1E0CF0380065A85F /* HomeViewController.swift */ = {isa = PBXFileReference; fileEncoding = 4; lastKnownFileType = sourcecode.swift; name = HomeViewController.swift; path = "PasswordKeeper-swift/HomeViewController.swift"; sourceTree = "<group>"; };
		D7E6F2FD1E0CF0380065A85F /* TableViewCell.swift */ = {isa = PBXFileReference; fileEncoding = 4; lastKnownFileType = sourcecode.swift; name = TableViewCell.swift; path = "PasswordKeeper-swift/TableViewCell.swift"; sourceTree = "<group>"; };
		D7E6F2FE1E0CF0380065A85F /* TransitViewController.swift */ = {isa = PBXFileReference; fileEncoding = 4; lastKnownFileType = sourcecode.swift; name = TransitViewController.swift; path = "PasswordKeeper-swift/TransitViewController.swift"; sourceTree = "<group>"; };
		D7E6F3031E0CF0460065A85F /* AppDelegate.swift */ = {isa = PBXFileReference; fileEncoding = 4; lastKnownFileType = sourcecode.swift; name = AppDelegate.swift; path = "PasswordKeeper-swift/AppDelegate.swift"; sourceTree = "<group>"; };
		D7E6F3041E0CF0460065A85F /* Assets.xcassets */ = {isa = PBXFileReference; lastKnownFileType = folder.assetcatalog; name = Assets.xcassets; path = "PasswordKeeper-swift/Assets.xcassets"; sourceTree = "<group>"; };
		D7E6F3051E0CF0460065A85F /* Info.plist */ = {isa = PBXFileReference; fileEncoding = 4; lastKnownFileType = text.plist.xml; name = Info.plist; path = "PasswordKeeper-swift/Info.plist"; sourceTree = "<group>"; };
		D7E6F30A1E0CF0840065A85F /* Base */ = {isa = PBXFileReference; lastKnownFileType = file.storyboard; name = Base; path = "PasswordKeeper-swift/Base.lproj/LaunchScreen.storyboard"; sourceTree = "<group>"; };
		D7E6F30C1E0CF0840065A85F /* Base */ = {isa = PBXFileReference; lastKnownFileType = file.storyboard; name = Base; path = "PasswordKeeper-swift/Base.lproj/Main.storyboard"; sourceTree = "<group>"; };
		D7E6F3101E0CF1660065A85F /* data.db */ = {isa = PBXFileReference; lastKnownFileType = file; name = data.db; path = "PasswordKeeper-swift/data.db"; sourceTree = "<group>"; };
/* End PBXFileReference section */

/* Begin PBXFrameworksBuildPhase section */
		D744D66A1E076BD700750584 /* Frameworks */ = {
			isa = PBXFrameworksBuildPhase;
			buildActionMask = 2147483647;
			files = (
				D7625DA81E0CEAA600B01DE1 /* libsqlite3.tbd in Frameworks */,
			);
			runOnlyForDeploymentPostprocessing = 0;
		};
/* End PBXFrameworksBuildPhase section */

/* Begin PBXGroup section */
		D744D6641E076BD700750584 = {
			isa = PBXGroup;
			children = (
				D7E6F2F11E0CEFEC0065A85F /* PasswordKeeper */,
				D7E6F3031E0CF0460065A85F /* AppDelegate.swift */,
				D7E6F3051E0CF0460065A85F /* Info.plist */,
				D744D66E1E076BD700750584 /* Products */,
				D7625DA41E0CE98700B01DE1 /* Frameworks */,
			);
			sourceTree = "<group>";
		};
		D744D66E1E076BD700750584 /* Products */ = {
			isa = PBXGroup;
			children = (
				D744D66D1E076BD700750584 /* PasswordKeeper-swift.app */,
			);
			name = Products;
			sourceTree = "<group>";
		};
		D7625DA41E0CE98700B01DE1 /* Frameworks */ = {
			isa = PBXGroup;
			children = (
				D7625DA71E0CEAA600B01DE1 /* libsqlite3.tbd */,
			);
			name = Frameworks;
			sourceTree = "<group>";
		};
		D7E6F2F11E0CEFEC0065A85F /* PasswordKeeper */ = {
			isa = PBXGroup;
			children = (
				D7E6F3141E0CF3E80065A85F /* Utils */,
				D7E6F2F21E0CF0020065A85F /* SQlitDB */,
				D7E6F2F31E0CF00E0065A85F /* Views */,
				D7E6F30F1E0CF0BE0065A85F /* Resource */,
			);
			name = PasswordKeeper;
			sourceTree = "<group>";
		};
		D7E6F2F21E0CF0020065A85F /* SQlitDB */ = {
			isa = PBXGroup;
			children = (
				D7E6F2F41E0CF02C0065A85F /* Bridging-Header.h */,
				D7E6F2F51E0CF02C0065A85F /* SQLiteDB.swift */,
				D7E6F2F61E0CF02C0065A85F /* SQLTable.swift */,
				D7E6F2F71E0CF02C0065A85F /* String-Extras.swift */,
			);
			name = SQlitDB;
			sourceTree = "<group>";
		};
		D7E6F2F31E0CF00E0065A85F /* Views */ = {
			isa = PBXGroup;
			children = (
				D7E6F2FB1E0CF0380065A85F /* DataInfoModel.swift */,
				D7E6F2FD1E0CF0380065A85F /* TableViewCell.swift */,
				D7E6F2FE1E0CF0380065A85F /* TransitViewController.swift */,
				D7E6F2FC1E0CF0380065A85F /* HomeViewController.swift */,
				D7944F491E1CA23800B21C53 /* ReadWriteViewController.swift */,
			);
			name = Views;
			sourceTree = "<group>";
		};
		D7E6F30F1E0CF0BE0065A85F /* Resource */ = {
			isa = PBXGroup;
			children = (
				D7E6F3101E0CF1660065A85F /* data.db */,
				D7E6F3041E0CF0460065A85F /* Assets.xcassets */,
				D7E6F3091E0CF0840065A85F /* LaunchScreen.storyboard */,
				D7E6F30B1E0CF0840065A85F /* Main.storyboard */,
			);
			name = Resource;
			sourceTree = "<group>";
		};
		D7E6F3141E0CF3E80065A85F /* Utils */ = {
			isa = PBXGroup;
			children = (
				D7944F471E1CA22800B21C53 /* SQliteRepository.swift */,
			);
			name = Utils;
			sourceTree = "<group>";
		};
/* End PBXGroup section */

/* Begin PBXNativeTarget section */
		D744D66C1E076BD700750584 /* PasswordKeeper-swift */ = {
			isa = PBXNativeTarget;
			buildConfigurationList = D744D67F1E076BD700750584 /* Build configuration list for PBXNativeTarget "PasswordKeeper-swift" */;
			buildPhases = (
				D744D6691E076BD700750584 /* Sources */,
				D744D66A1E076BD700750584 /* Frameworks */,
				D744D66B1E076BD700750584 /* Resources */,
			);
			buildRules = (
			);
			dependencies = (
			);
			name = "PasswordKeeper-swift";
			productName = "PasswordKeeper-swift";
			productReference = D744D66D1E076BD700750584 /* PasswordKeeper-swift.app */;
			productType = "com.apple.product-type.application";
		};
/* End PBXNativeTarget section */

/* Begin PBXProject section */
		D744D6651E076BD700750584 /* Project object */ = {
			isa = PBXProject;
			attributes = {
				LastSwiftUpdateCheck = 0800;
				LastUpgradeCheck = 0800;
				ORGANIZATIONNAME = "Channing Kuo";
				TargetAttributes = {
					D744D66C1E076BD700750584 = {
						CreatedOnToolsVersion = 8.0;
						DevelopmentTeam = D8SS2MJDH3;
						ProvisioningStyle = Automatic;
					};
				};
			};
			buildConfigurationList = D744D6681E076BD700750584 /* Build configuration list for PBXProject "PasswordKeeper-swift" */;
			compatibilityVersion = "Xcode 3.2";
			developmentRegion = English;
			hasScannedForEncodings = 0;
			knownRegions = (
				en,
				Base,
			);
			mainGroup = D744D6641E076BD700750584;
			productRefGroup = D744D66E1E076BD700750584 /* Products */;
			projectDirPath = "";
			projectRoot = "";
			targets = (
				D744D66C1E076BD700750584 /* PasswordKeeper-swift */,
			);
		};
/* End PBXProject section */

/* Begin PBXResourcesBuildPhase section */
		D744D66B1E076BD700750584 /* Resources */ = {
			isa = PBXResourcesBuildPhase;
			buildActionMask = 2147483647;
			files = (
				D7E6F30D1E0CF0840065A85F /* LaunchScreen.storyboard in Resources */,
				D7E6F3081E0CF0460065A85F /* Info.plist in Resources */,
				D7E6F3111E0CF1660065A85F /* data.db in Resources */,
				D7E6F3071E0CF0460065A85F /* Assets.xcassets in Resources */,
				D7E6F30E1E0CF0840065A85F /* Main.storyboard in Resources */,
			);
			runOnlyForDeploymentPostprocessing = 0;
		};
/* End PBXResourcesBuildPhase section */

/* Begin PBXSourcesBuildPhase section */
		D744D6691E076BD700750584 /* Sources */ = {
			isa = PBXSourcesBuildPhase;
			buildActionMask = 2147483647;
			files = (
				D7E6F3061E0CF0460065A85F /* AppDelegate.swift in Sources */,
				D7944F481E1CA22800B21C53 /* SQliteRepository.swift in Sources */,
				D7E6F3001E0CF0380065A85F /* HomeViewController.swift in Sources */,
				D7E6F2F81E0CF02C0065A85F /* SQLiteDB.swift in Sources */,
				D7E6F3021E0CF0380065A85F /* TransitViewController.swift in Sources */,
				D7E6F2FF1E0CF0380065A85F /* DataInfoModel.swift in Sources */,
				D7E6F3011E0CF0380065A85F /* TableViewCell.swift in Sources */,
				D7E6F2FA1E0CF02C0065A85F /* String-Extras.swift in Sources */,
				D7944F4A1E1CA23800B21C53 /* ReadWriteViewController.swift in Sources */,
				D7E6F2F91E0CF02C0065A85F /* SQLTable.swift in Sources */,
			);
			runOnlyForDeploymentPostprocessing = 0;
		};
/* End PBXSourcesBuildPhase section */

/* Begin PBXVariantGroup section */
		D7E6F3091E0CF0840065A85F /* LaunchScreen.storyboard */ = {
			isa = PBXVariantGroup;
			children = (
				D7E6F30A1E0CF0840065A85F /* Base */,
			);
			name = LaunchScreen.storyboard;
			sourceTree = "<group>";
		};
		D7E6F30B1E0CF0840065A85F /* Main.storyboard */ = {
			isa = PBXVariantGroup;
			children = (
				D7E6F30C1E0CF0840065A85F /* Base */,
			);
			name = Main.storyboard;
			sourceTree = "<group>";
		};
/* End PBXVariantGroup section */

/* Begin XCBuildConfiguration section */
		D744D67D1E076BD700750584 /* Debug */ = {
			isa = XCBuildConfiguration;
			buildSettings = {
				ALWAYS_SEARCH_USER_PATHS = NO;
				CLANG_ANALYZER_NONNULL = YES;
				CLANG_CXX_LANGUAGE_STANDARD = "gnu++0x";
				CLANG_CXX_LIBRARY = "libc++";
				CLANG_ENABLE_MODULES = YES;
				CLANG_ENABLE_OBJC_ARC = YES;
				CLANG_WARN_BOOL_CONVERSION = YES;
				CLANG_WARN_CONSTANT_CONVERSION = YES;
				CLANG_WARN_DIRECT_OBJC_ISA_USAGE = YES_ERROR;
				CLANG_WARN_DOCUMENTATION_COMMENTS = YES;
				CLANG_WARN_EMPTY_BODY = YES;
				CLANG_WARN_ENUM_CONVERSION = YES;
				CLANG_WARN_INFINITE_RECURSION = YES;
				CLANG_WARN_INT_CONVERSION = YES;
				CLANG_WARN_OBJC_ROOT_CLASS = YES_ERROR;
				CLANG_WARN_SUSPICIOUS_MOVES = YES;
				CLANG_WARN_UNREACHABLE_CODE = YES;
				CLANG_WARN__DUPLICATE_METHOD_MATCH = YES;
				"CODE_SIGN_IDENTITY[sdk=iphoneos*]" = "iPhone Developer";
				COPY_PHASE_STRIP = NO;
				DEBUG_INFORMATION_FORMAT = dwarf;
				ENABLE_STRICT_OBJC_MSGSEND = YES;
				ENABLE_TESTABILITY = YES;
				GCC_C_LANGUAGE_STANDARD = gnu99;
				GCC_DYNAMIC_NO_PIC = NO;
				GCC_NO_COMMON_BLOCKS = YES;
				GCC_OPTIMIZATION_LEVEL = 0;
				GCC_PREPROCESSOR_DEFINITIONS = (
					"DEBUG=1",
					"$(inherited)",
				);
				GCC_WARN_64_TO_32_BIT_CONVERSION = YES;
				GCC_WARN_ABOUT_RETURN_TYPE = YES_ERROR;
				GCC_WARN_UNDECLARED_SELECTOR = YES;
				GCC_WARN_UNINITIALIZED_AUTOS = YES_AGGRESSIVE;
				GCC_WARN_UNUSED_FUNCTION = YES;
				GCC_WARN_UNUSED_VARIABLE = YES;
				IPHONEOS_DEPLOYMENT_TARGET = 10.0;
				MTL_ENABLE_DEBUG_INFO = YES;
				ONLY_ACTIVE_ARCH = YES;
				SDKROOT = iphoneos;
				SWIFT_ACTIVE_COMPILATION_CONDITIONS = DEBUG;
				SWIFT_OPTIMIZATION_LEVEL = "-Onone";
			};
			name = Debug;
		};
		D744D67E1E076BD700750584 /* Release */ = {
			isa = XCBuildConfiguration;
			buildSettings = {
				ALWAYS_SEARCH_USER_PATHS = NO;
				CLANG_ANALYZER_NONNULL = YES;
				CLANG_CXX_LANGUAGE_STANDARD = "gnu++0x";
				CLANG_CXX_LIBRARY = "libc++";
				CLANG_ENABLE_MODULES = YES;
				CLANG_ENABLE_OBJC_ARC = YES;
				CLANG_WARN_BOOL_CONVERSION = YES;
				CLANG_WARN_CONSTANT_CONVERSION = YES;
				CLANG_WARN_DIRECT_OBJC_ISA_USAGE = YES_ERROR;
				CLANG_WARN_DOCUMENTATION_COMMENTS = YES;
				CLANG_WARN_EMPTY_BODY = YES;
				CLANG_WARN_ENUM_CONVERSION = YES;
				CLANG_WARN_INFINITE_RECURSION = YES;
				CLANG_WARN_INT_CONVERSION = YES;
				CLANG_WARN_OBJC_ROOT_CLASS = YES_ERROR;
				CLANG_WARN_SUSPICIOUS_MOVES = YES;
				CLANG_WARN_UNREACHABLE_CODE = YES;
				CLANG_WARN__DUPLICATE_METHOD_MATCH = YES;
				"CODE_SIGN_IDENTITY[sdk=iphoneos*]" = "iPhone Developer";
				COPY_PHASE_STRIP = NO;
				DEBUG_INFORMATION_FORMAT = "dwarf-with-dsym";
				ENABLE_NS_ASSERTIONS = NO;
				ENABLE_STRICT_OBJC_MSGSEND = YES;
				GCC_C_LANGUAGE_STANDARD = gnu99;
				GCC_NO_COMMON_BLOCKS = YES;
				GCC_WARN_64_TO_32_BIT_CONVERSION = YES;
				GCC_WARN_ABOUT_RETURN_TYPE = YES_ERROR;
				GCC_WARN_UNDECLARED_SELECTOR = YES;
				GCC_WARN_UNINITIALIZED_AUTOS = YES_AGGRESSIVE;
				GCC_WARN_UNUSED_FUNCTION = YES;
				GCC_WARN_UNUSED_VARIABLE = YES;
				IPHONEOS_DEPLOYMENT_TARGET = 10.0;
				MTL_ENABLE_DEBUG_INFO = NO;
				SDKROOT = iphoneos;
				SWIFT_OPTIMIZATION_LEVEL = "-Owholemodule";
				VALIDATE_PRODUCT = YES;
			};
			name = Release;
		};
		D744D6801E076BD700750584 /* Debug */ = {
			isa = XCBuildConfiguration;
			buildSettings = {
				ASSETCATALOG_COMPILER_APPICON_NAME = AppIcon;
				"CODE_SIGN_IDENTITY[sdk=iphoneos*]" = "iPhone Developer";
				DEVELOPMENT_TEAM = D8SS2MJDH3;
				INFOPLIST_FILE = "PasswordKeeper-swift/Info.plist";
				IPHONEOS_DEPLOYMENT_TARGET = 10.0;
				LD_RUNPATH_SEARCH_PATHS = "$(inherited) @executable_path/Frameworks";
				PRODUCT_BUNDLE_IDENTIFIER = RekTecCRMTH;
				PRODUCT_NAME = "$(TARGET_NAME)";
				PROVISIONING_PROFILE = "";
				PROVISIONING_PROFILE_SPECIFIER = "";
				SWIFT_OBJC_BRIDGING_HEADER = "PasswordKeeper-swift/Bridging-Header.h";
				SWIFT_VERSION = 3.0;
			};
			name = Debug;
		};
		D744D6811E076BD700750584 /* Release */ = {
			isa = XCBuildConfiguration;
			buildSettings = {
				ASSETCATALOG_COMPILER_APPICON_NAME = AppIcon;
				"CODE_SIGN_IDENTITY[sdk=iphoneos*]" = "iPhone Developer";
				DEVELOPMENT_TEAM = D8SS2MJDH3;
				INFOPLIST_FILE = "PasswordKeeper-swift/Info.plist";
				IPHONEOS_DEPLOYMENT_TARGET = 10.0;
				LD_RUNPATH_SEARCH_PATHS = "$(inherited) @executable_path/Frameworks";
				PRODUCT_BUNDLE_IDENTIFIER = RekTecCRMTH;
				PRODUCT_NAME = "$(TARGET_NAME)";
				SWIFT_OBJC_BRIDGING_HEADER = "PasswordKeeper-swift/Bridging-Header.h";
				SWIFT_VERSION = 3.0;
			};
			name = Release;
		};
/* End XCBuildConfiguration section */

/* Begin XCConfigurationList section */
		D744D6681E076BD700750584 /* Build configuration list for PBXProject "PasswordKeeper-swift" */ = {
			isa = XCConfigurationList;
			buildConfigurations = (
				D744D67D1E076BD700750584 /* Debug */,
				D744D67E1E076BD700750584 /* Release */,
			);
			defaultConfigurationIsVisible = 0;
			defaultConfigurationName = Release;
		};
		D744D67F1E076BD700750584 /* Build configuration list for PBXNativeTarget "PasswordKeeper-swift" */ = {
			isa = XCConfigurationList;
			buildConfigurations = (
				D744D6801E076BD700750584 /* Debug */,
				D744D6811E076BD700750584 /* Release */,
			);
			defaultConfigurationIsVisible = 0;
			defaultConfigurationName = Release;
		};
/* End XCConfigurationList section */
	};
	rootObject = D744D6651E076BD700750584 /* Project object */;
}
