// !$*UTF8*$!
{
	archiveVersion = 1;
	classes = {
	};
	objectVersion = 46;
	objects = {

/* Begin PBXBuildFile section */
		D744D6711E076BD700750584 /* AppDelegate.swift in Sources */ = {isa = PBXBuildFile; fileRef = D744D6701E076BD700750584 /* AppDelegate.swift */; };
		D744D6761E076BD700750584 /* Main.storyboard in Resources */ = {isa = PBXBuildFile; fileRef = D744D6741E076BD700750584 /* Main.storyboard */; };
		D744D6781E076BD700750584 /* Assets.xcassets in Resources */ = {isa = PBXBuildFile; fileRef = D744D6771E076BD700750584 /* Assets.xcassets */; };
		D744D67B1E076BD700750584 /* LaunchScreen.storyboard in Resources */ = {isa = PBXBuildFile; fileRef = D744D6791E076BD700750584 /* LaunchScreen.storyboard */; };
		D744D6831E076DBE00750584 /* TransitViewController.swift in Sources */ = {isa = PBXBuildFile; fileRef = D744D6821E076DBE00750584 /* TransitViewController.swift */; };
		D76C205D1E0777C60070D847 /* HomeViewController.swift in Sources */ = {isa = PBXBuildFile; fileRef = D76C205C1E0777C60070D847 /* HomeViewController.swift */; };
		D76C205F1E0778FD0070D847 /* TableViewCell.swift in Sources */ = {isa = PBXBuildFile; fileRef = D76C205E1E0778FD0070D847 /* TableViewCell.swift */; };
/* End PBXBuildFile section */

/* Begin PBXFileReference section */
		D744D66D1E076BD700750584 /* PasswordKeeper-swift.app */ = {isa = PBXFileReference; explicitFileType = wrapper.application; includeInIndex = 0; path = "PasswordKeeper-swift.app"; sourceTree = BUILT_PRODUCTS_DIR; };
		D744D6701E076BD700750584 /* AppDelegate.swift */ = {isa = PBXFileReference; lastKnownFileType = sourcecode.swift; path = AppDelegate.swift; sourceTree = "<group>"; };
		D744D6751E076BD700750584 /* Base */ = {isa = PBXFileReference; lastKnownFileType = file.storyboard; name = Base; path = Base.lproj/Main.storyboard; sourceTree = "<group>"; };
		D744D6771E076BD700750584 /* Assets.xcassets */ = {isa = PBXFileReference; lastKnownFileType = folder.assetcatalog; path = Assets.xcassets; sourceTree = "<group>"; };
		D744D67A1E076BD700750584 /* Base */ = {isa = PBXFileReference; lastKnownFileType = file.storyboard; name = Base; path = Base.lproj/LaunchScreen.storyboard; sourceTree = "<group>"; };
		D744D67C1E076BD700750584 /* Info.plist */ = {isa = PBXFileReference; lastKnownFileType = text.plist.xml; path = Info.plist; sourceTree = "<group>"; };
		D744D6821E076DBE00750584 /* TransitViewController.swift */ = {isa = PBXFileReference; fileEncoding = 4; lastKnownFileType = sourcecode.swift; path = TransitViewController.swift; sourceTree = "<group>"; };
		D76C205C1E0777C60070D847 /* HomeViewController.swift */ = {isa = PBXFileReference; fileEncoding = 4; lastKnownFileType = sourcecode.swift; path = HomeViewController.swift; sourceTree = "<group>"; };
		D76C205E1E0778FD0070D847 /* TableViewCell.swift */ = {isa = PBXFileReference; fileEncoding = 4; lastKnownFileType = sourcecode.swift; path = TableViewCell.swift; sourceTree = "<group>"; };
/* End PBXFileReference section */

/* Begin PBXFrameworksBuildPhase section */
		D744D66A1E076BD700750584 /* Frameworks */ = {
			isa = PBXFrameworksBuildPhase;
			buildActionMask = 2147483647;
			files = (
			);
			runOnlyForDeploymentPostprocessing = 0;
		};
/* End PBXFrameworksBuildPhase section */

/* Begin PBXGroup section */
		D744D6641E076BD700750584 = {
			isa = PBXGroup;
			children = (
				D744D66F1E076BD700750584 /* PasswordKeeper-swift */,
				D744D66E1E076BD700750584 /* Products */,
			);
			sourceTree = "<group>";
		};
		D744D66E1E076BD700750584 /* Products */ = {
			isa = PBXGroup;
			children = (
				D744D66D1E076BD700750584 /* PasswordKeeper-swift.app */,
			);
			name = Products;
			sourceTree = "<group>";
		};
		D744D66F1E076BD700750584 /* PasswordKeeper-swift */ = {
			isa = PBXGroup;
			children = (
				D744D6841E076DC700750584 /* Views */,
				D744D6701E076BD700750584 /* AppDelegate.swift */,
				D744D6741E076BD700750584 /* Main.storyboard */,
				D744D6771E076BD700750584 /* Assets.xcassets */,
				D744D6791E076BD700750584 /* LaunchScreen.storyboard */,
				D744D67C1E076BD700750584 /* Info.plist */,
			);
			path = "PasswordKeeper-swift";
			sourceTree = "<group>";
		};
		D744D6841E076DC700750584 /* Views */ = {
			isa = PBXGroup;
			children = (
				D744D6821E076DBE00750584 /* TransitViewController.swift */,
				D76C205C1E0777C60070D847 /* HomeViewController.swift */,
				D76C205E1E0778FD0070D847 /* TableViewCell.swift */,
			);
			name = Views;
			sourceTree = "<group>";
		};
/* End PBXGroup section */

/* Begin PBXNativeTarget section */
		D744D66C1E076BD700750584 /* PasswordKeeper-swift */ = {
			isa = PBXNativeTarget;
			buildConfigurationList = D744D67F1E076BD700750584 /* Build configuration list for PBXNativeTarget "PasswordKeeper-swift" */;
			buildPhases = (
				D744D6691E076BD700750584 /* Sources */,
				D744D66A1E076BD700750584 /* Frameworks */,
				D744D66B1E076BD700750584 /* Resources */,
			);
			buildRules = (
			);
			dependencies = (
			);
			name = "PasswordKeeper-swift";
			productName = "PasswordKeeper-swift";
			productReference = D744D66D1E076BD700750584 /* PasswordKeeper-swift.app */;
			productType = "com.apple.product-type.application";
		};
/* End PBXNativeTarget section */

/* Begin PBXProject section */
		D744D6651E076BD700750584 /* Project object */ = {
			isa = PBXProject;
			attributes = {
				LastSwiftUpdateCheck = 0800;
				LastUpgradeCheck = 0800;
				ORGANIZATIONNAME = "Channing Kuo";
				TargetAttributes = {
					D744D66C1E076BD700750584 = {
						CreatedOnToolsVersion = 8.0;
						DevelopmentTeam = D8SS2MJDH3;
						ProvisioningStyle = Automatic;
					};
				};
			};
			buildConfigurationList = D744D6681E076BD700750584 /* Build configuration list for PBXProject "PasswordKeeper-swift" */;
			compatibilityVersion = "Xcode 3.2";
			developmentRegion = English;
			hasScannedForEncodings = 0;
			knownRegions = (
				en,
				Base,
			);
			mainGroup = D744D6641E076BD700750584;
			productRefGroup = D744D66E1E076BD700750584 /* Products */;
			projectDirPath = "";
			projectRoot = "";
			targets = (
				D744D66C1E076BD700750584 /* PasswordKeeper-swift */,
			);
		};
/* End PBXProject section */

/* Begin PBXResourcesBuildPhase section */
		D744D66B1E076BD700750584 /* Resources */ = {
			isa = PBXResourcesBuildPhase;
			buildActionMask = 2147483647;
			files = (
				D744D67B1E076BD700750584 /* LaunchScreen.storyboard in Resources */,
				D744D6781E076BD700750584 /* Assets.xcassets in Resources */,
				D744D6761E076BD700750584 /* Main.storyboard in Resources */,
			);
			runOnlyForDeploymentPostprocessing = 0;
		};
/* End PBXResourcesBuildPhase section */

/* Begin PBXSourcesBuildPhase section */
		D744D6691E076BD700750584 /* Sources */ = {
			isa = PBXSourcesBuildPhase;
			buildActionMask = 2147483647;
			files = (
				D744D6711E076BD700750584 /* AppDelegate.swift in Sources */,
				D744D6831E076DBE00750584 /* TransitViewController.swift in Sources */,
				D76C205F1E0778FD0070D847 /* TableViewCell.swift in Sources */,
				D76C205D1E0777C60070D847 /* HomeViewController.swift in Sources */,
			);
			runOnlyForDeploymentPostprocessing = 0;
		};
/* End PBXSourcesBuildPhase section */

/* Begin PBXVariantGroup section */
		D744D6741E076BD700750584 /* Main.storyboard */ = {
			isa = PBXVariantGroup;
			children = (
				D744D6751E076BD700750584 /* Base */,
			);
			name = Main.storyboard;
			sourceTree = "<group>";
		};
		D744D6791E076BD700750584 /* LaunchScreen.storyboard */ = {
			isa = PBXVariantGroup;
			children = (
				D744D67A1E076BD700750584 /* Base */,
			);
			name = LaunchScreen.storyboard;
			sourceTree = "<group>";
		};
/* End PBXVariantGroup section */

/* Begin XCBuildConfiguration section */
		D744D67D1E076BD700750584 /* Debug */ = {
			isa = XCBuildConfiguration;
			buildSettings = {
				ALWAYS_SEARCH_USER_PATHS = NO;
				CLANG_ANALYZER_NONNULL = YES;
				CLANG_CXX_LANGUAGE_STANDARD = "gnu++0x";
				CLANG_CXX_LIBRARY = "libc++";
				CLANG_ENABLE_MODULES = YES;
				CLANG_ENABLE_OBJC_ARC = YES;
				CLANG_WARN_BOOL_CONVERSION = YES;
				CLANG_WARN_CONSTANT_CONVERSION = YES;
				CLANG_WARN_DIRECT_OBJC_ISA_USAGE = YES_ERROR;
				CLANG_WARN_DOCUMENTATION_COMMENTS = YES;
				CLANG_WARN_EMPTY_BODY = YES;
				CLANG_WARN_ENUM_CONVERSION = YES;
				CLANG_WARN_INFINITE_RECURSION = YES;
				CLANG_WARN_INT_CONVERSION = YES;
				CLANG_WARN_OBJC_ROOT_CLASS = YES_ERROR;
				CLANG_WARN_SUSPICIOUS_MOVES = YES;
				CLANG_WARN_UNREACHABLE_CODE = YES;
				CLANG_WARN__DUPLICATE_METHOD_MATCH = YES;
				"CODE_SIGN_IDENTITY[sdk=iphoneos*]" = "iPhone Developer";
				COPY_PHASE_STRIP = NO;
				DEBUG_INFORMATION_FORMAT = dwarf;
				ENABLE_STRICT_OBJC_MSGSEND = YES;
				ENABLE_TESTABILITY = YES;
				GCC_C_LANGUAGE_STANDARD = gnu99;
				GCC_DYNAMIC_NO_PIC = NO;
				GCC_NO_COMMON_BLOCKS = YES;
				GCC_OPTIMIZATION_LEVEL = 0;
				GCC_PREPROCESSOR_DEFINITIONS = (
					"DEBUG=1",
					"$(inherited)",
				);
				GCC_WARN_64_TO_32_BIT_CONVERSION = YES;
				GCC_WARN_ABOUT_RETURN_TYPE = YES_ERROR;
				GCC_WARN_UNDECLARED_SELECTOR = YES;
				GCC_WARN_UNINITIALIZED_AUTOS = YES_AGGRESSIVE;
				GCC_WARN_UNUSED_FUNCTION = YES;
				GCC_WARN_UNUSED_VARIABLE = YES;
				IPHONEOS_DEPLOYMENT_TARGET = 10.0;
				MTL_ENABLE_DEBUG_INFO = YES;
				ONLY_ACTIVE_ARCH = YES;
				SDKROOT = iphoneos;
				SWIFT_ACTIVE_COMPILATION_CONDITIONS = DEBUG;
				SWIFT_OPTIMIZATION_LEVEL = "-Onone";
			};
			name = Debug;
		};
		D744D67E1E076BD700750584 /* Release */ = {
			isa = XCBuildConfiguration;
			buildSettings = {
				ALWAYS_SEARCH_USER_PATHS = NO;
				CLANG_ANALYZER_NONNULL = YES;
				CLANG_CXX_LANGUAGE_STANDARD = "gnu++0x";
				CLANG_CXX_LIBRARY = "libc++";
				CLANG_ENABLE_MODULES = YES;
				CLANG_ENABLE_OBJC_ARC = YES;
				CLANG_WARN_BOOL_CONVERSION = YES;
				CLANG_WARN_CONSTANT_CONVERSION = YES;
				CLANG_WARN_DIRECT_OBJC_ISA_USAGE = YES_ERROR;
				CLANG_WARN_DOCUMENTATION_COMMENTS = YES;
				CLANG_WARN_EMPTY_BODY = YES;
				CLANG_WARN_ENUM_CONVERSION = YES;
				CLANG_WARN_INFINITE_RECURSION = YES;
				CLANG_WARN_INT_CONVERSION = YES;
				CLANG_WARN_OBJC_ROOT_CLASS = YES_ERROR;
				CLANG_WARN_SUSPICIOUS_MOVES = YES;
				CLANG_WARN_UNREACHABLE_CODE = YES;
				CLANG_WARN__DUPLICATE_METHOD_MATCH = YES;
				"CODE_SIGN_IDENTITY[sdk=iphoneos*]" = "iPhone Developer";
				COPY_PHASE_STRIP = NO;
				DEBUG_INFORMATION_FORMAT = "dwarf-with-dsym";
				ENABLE_NS_ASSERTIONS = NO;
				ENABLE_STRICT_OBJC_MSGSEND = YES;
				GCC_C_LANGUAGE_STANDARD = gnu99;
				GCC_NO_COMMON_BLOCKS = YES;
				GCC_WARN_64_TO_32_BIT_CONVERSION = YES;
				GCC_WARN_ABOUT_RETURN_TYPE = YES_ERROR;
				GCC_WARN_UNDECLARED_SELECTOR = YES;
				GCC_WARN_UNINITIALIZED_AUTOS = YES_AGGRESSIVE;
				GCC_WARN_UNUSED_FUNCTION = YES;
				GCC_WARN_UNUSED_VARIABLE = YES;
				IPHONEOS_DEPLOYMENT_TARGET = 10.0;
				MTL_ENABLE_DEBUG_INFO = NO;
				SDKROOT = iphoneos;
				SWIFT_OPTIMIZATION_LEVEL = "-Owholemodule";
				VALIDATE_PRODUCT = YES;
			};
			name = Release;
		};
		D744D6801E076BD700750584 /* Debug */ = {
			isa = XCBuildConfiguration;
			buildSettings = {
				ASSETCATALOG_COMPILER_APPICON_NAME = AppIcon;
				DEVELOPMENT_TEAM = D8SS2MJDH3;
				INFOPLIST_FILE = "PasswordKeeper-swift/Info.plist";
				IPHONEOS_DEPLOYMENT_TARGET = 10.0;
				LD_RUNPATH_SEARCH_PATHS = "$(inherited) @executable_path/Frameworks";
				PRODUCT_BUNDLE_IDENTIFIER = RekTecCRMTH;
				PRODUCT_NAME = "$(TARGET_NAME)";
				SWIFT_VERSION = 3.0;
			};
			name = Debug;
		};
		D744D6811E076BD700750584 /* Release */ = {
			isa = XCBuildConfiguration;
			buildSettings = {
				ASSETCATALOG_COMPILER_APPICON_NAME = AppIcon;
				DEVELOPMENT_TEAM = D8SS2MJDH3;
				INFOPLIST_FILE = "PasswordKeeper-swift/Info.plist";
				IPHONEOS_DEPLOYMENT_TARGET = 10.0;
				LD_RUNPATH_SEARCH_PATHS = "$(inherited) @executable_path/Frameworks";
				PRODUCT_BUNDLE_IDENTIFIER = RekTecCRMTH;
				PRODUCT_NAME = "$(TARGET_NAME)";
				SWIFT_VERSION = 3.0;
			};
			name = Release;
		};
/* End XCBuildConfiguration section */

/* Begin XCConfigurationList section */
		D744D6681E076BD700750584 /* Build configuration list for PBXProject "PasswordKeeper-swift" */ = {
			isa = XCConfigurationList;
			buildConfigurations = (
				D744D67D1E076BD700750584 /* Debug */,
				D744D67E1E076BD700750584 /* Release */,
			);
			defaultConfigurationIsVisible = 0;
			defaultConfigurationName = Release;
		};
		D744D67F1E076BD700750584 /* Build configuration list for PBXNativeTarget "PasswordKeeper-swift" */ = {
			isa = XCConfigurationList;
			buildConfigurations = (
				D744D6801E076BD700750584 /* Debug */,
				D744D6811E076BD700750584 /* Release */,
			);
			defaultConfigurationIsVisible = 0;
			defaultConfigurationName = Release;
		};
/* End XCConfigurationList section */
	};
	rootObject = D744D6651E076BD700750584 /* Project object */;
}
