
Microsoft Visual Studio Solution File, Format Version 12.00
# Visual Studio 14
VisualStudioVersion = 14.0.25420.1
MinimumVisualStudioVersion = 10.0.40219.1
Project("{FAE04EC0-301F-11D3-BF4B-00C04F79EFBC}") = "BackDoorWebApi", "BackDoorWebApi\BackDoorWebApi.csproj", "{D908645D-B2AE-47F2-9CB3-07AA1EB25347}"
EndProject
Project("{FAE04EC0-301F-11D3-BF4B-00C04F79EFBC}") = "TestConsole", "TestConsole\TestConsole.csproj", "{BB18A8A6-E004-4FE1-B489-11AD4F64E640}"
EndProject
Global
	GlobalSection(SolutionConfigurationPlatforms) = preSolution
		Debug|Any CPU = Debug|Any CPU
		Release|Any CPU = Release|Any CPU
	EndGlobalSection
	GlobalSection(ProjectConfigurationPlatforms) = postSolution
		{D908645D-B2AE-47F2-9CB3-07AA1EB25347}.Debug|Any CPU.ActiveCfg = Debug|Any CPU
		{D908645D-B2AE-47F2-9CB3-07AA1EB25347}.Debug|Any CPU.Build.0 = Debug|Any CPU
		{D908645D-B2AE-47F2-9CB3-07AA1EB25347}.Release|Any CPU.ActiveCfg = Release|Any CPU
		{D908645D-B2AE-47F2-9CB3-07AA1EB25347}.Release|Any CPU.Build.0 = Release|Any CPU
		{BB18A8A6-E004-4FE1-B489-11AD4F64E640}.Debug|Any CPU.ActiveCfg = Debug|Any CPU
		{BB18A8A6-E004-4FE1-B489-11AD4F64E640}.Debug|Any CPU.Build.0 = Debug|Any CPU
		{BB18A8A6-E004-4FE1-B489-11AD4F64E640}.Release|Any CPU.ActiveCfg = Release|Any CPU
		{BB18A8A6-E004-4FE1-B489-11AD4F64E640}.Release|Any CPU.Build.0 = Release|Any CPU
	EndGlobalSection
	GlobalSection(SolutionProperties) = preSolution
		HideSolutionNode = FALSE
	EndGlobalSection
EndGlobal
